
Microsoft Visual Studio Solution File, Format Version 12.00
# Visual Studio Version 17
VisualStudioVersion = 17.8.34511.84
MinimumVisualStudioVersion = 10.0.40219.1
Project("{9A19103F-16F7-4668-BE54-9A1E7A4F7556}") = "E-Commerce.Web", "E-Commerce.Web\E-Commerce.Web.csproj", "{8658115A-591F-4615-815D-CF18E2E430AC}"
EndProject
Project("{FAE04EC0-301F-11D3-BF4B-00C04F79EFBC}") = "E-Commerce.Data", "E-Commerce.Data\E-Commerce.Data.csproj", "{75F85AF0-6F30-4160-B939-A0994808C799}"
EndProject
Project("{FAE04EC0-301F-11D3-BF4B-00C04F79EFBC}") = "E-Commerce.Business", "E-Commerce.Business\E-Commerce.Business.csproj", "{981FC2E9-AFF6-4807-B466-C12FD0242F95}"
EndProject
Project("{FAE04EC0-301F-11D3-BF4B-00C04F79EFBC}") = "E-Commerce.Shared", "E-Commerce.Shared\E-Commerce.Shared.csproj", "{6C09615D-F100-441C-899B-AA87620ADA32}"
EndProject
Global
	GlobalSection(SolutionConfigurationPlatforms) = preSolution
		Debug|Any CPU = Debug|Any CPU
		Release|Any CPU = Release|Any CPU
	EndGlobalSection
	GlobalSection(ProjectConfigurationPlatforms) = postSolution
		{8658115A-591F-4615-815D-CF18E2E430AC}.Debug|Any CPU.ActiveCfg = Debug|Any CPU
		{8658115A-591F-4615-815D-CF18E2E430AC}.Debug|Any CPU.Build.0 = Debug|Any CPU
		{8658115A-591F-4615-815D-CF18E2E430AC}.Release|Any CPU.ActiveCfg = Release|Any CPU
		{8658115A-591F-4615-815D-CF18E2E430AC}.Release|Any CPU.Build.0 = Release|Any CPU
		{75F85AF0-6F30-4160-B939-A0994808C799}.Debug|Any CPU.ActiveCfg = Debug|Any CPU
		{75F85AF0-6F30-4160-B939-A0994808C799}.Debug|Any CPU.Build.0 = Debug|Any CPU
		{75F85AF0-6F30-4160-B939-A0994808C799}.Release|Any CPU.ActiveCfg = Release|Any CPU
		{75F85AF0-6F30-4160-B939-A0994808C799}.Release|Any CPU.Build.0 = Release|Any CPU
		{981FC2E9-AFF6-4807-B466-C12FD0242F95}.Debug|Any CPU.ActiveCfg = Debug|Any CPU
		{981FC2E9-AFF6-4807-B466-C12FD0242F95}.Debug|Any CPU.Build.0 = Debug|Any CPU
		{981FC2E9-AFF6-4807-B466-C12FD0242F95}.Release|Any CPU.ActiveCfg = Release|Any CPU
		{981FC2E9-AFF6-4807-B466-C12FD0242F95}.Release|Any CPU.Build.0 = Release|Any CPU
		{6C09615D-F100-441C-899B-AA87620ADA32}.Debug|Any CPU.ActiveCfg = Debug|Any CPU
		{6C09615D-F100-441C-899B-AA87620ADA32}.Debug|Any CPU.Build.0 = Debug|Any CPU
		{6C09615D-F100-441C-899B-AA87620ADA32}.Release|Any CPU.ActiveCfg = Release|Any CPU
		{6C09615D-F100-441C-899B-AA87620ADA32}.Release|Any CPU.Build.0 = Release|Any CPU
	EndGlobalSection
	GlobalSection(SolutionProperties) = preSolution
		HideSolutionNode = FALSE
	EndGlobalSection
	GlobalSection(ExtensibilityGlobals) = postSolution
		SolutionGuid = {1FDEEEE8-49DF-460C-87C4-09D6742D3923}
	EndGlobalSection
EndGlobal
